
Microsoft Visual Studio Solution File, Format Version 12.00
# Visual Studio 15
VisualStudioVersion = 15.0.27130.2027
MinimumVisualStudioVersion = 10.0.40219.1
Project("{FAE04EC0-301F-11D3-BF4B-00C04F79EFBC}") = "TDDTehtävä", "ConsoleApp3\TDDTehtävä.csproj", "{AF6190CA-559A-40CC-ADC5-30CC1BFE97D0}"
EndProject
Global
	GlobalSection(SolutionConfigurationPlatforms) = preSolution
		Debug|Any CPU = Debug|Any CPU
		Release|Any CPU = Release|Any CPU
	EndGlobalSection
	GlobalSection(ProjectConfigurationPlatforms) = postSolution
		{AF6190CA-559A-40CC-ADC5-30CC1BFE97D0}.Debug|Any CPU.ActiveCfg = Debug|Any CPU
		{AF6190CA-559A-40CC-ADC5-30CC1BFE97D0}.Debug|Any CPU.Build.0 = Debug|Any CPU
		{AF6190CA-559A-40CC-ADC5-30CC1BFE97D0}.Release|Any CPU.ActiveCfg = Release|Any CPU
		{AF6190CA-559A-40CC-ADC5-30CC1BFE97D0}.Release|Any CPU.Build.0 = Release|Any CPU
	EndGlobalSection
	GlobalSection(SolutionProperties) = preSolution
		HideSolutionNode = FALSE
	EndGlobalSection
	GlobalSection(ExtensibilityGlobals) = postSolution
		SolutionGuid = {A34FB2C4-BF80-48B7-A46B-EEA98A062645}
	EndGlobalSection
EndGlobal
